
Microsoft Visual Studio Solution File, Format Version 12.00
# Visual Studio Version 16
VisualStudioVersion = 16.0.31515.178
MinimumVisualStudioVersion = 10.0.40219.1
Project("{FAE04EC0-301F-11D3-BF4B-00C04F79EFBC}") = "cargoShipGui", "cargoShipGui\cargoShipGui.csproj", "{C4980AE3-7A66-4098-8E9C-B7B73ED04042}"
EndProject
Global
	GlobalSection(SolutionConfigurationPlatforms) = preSolution
		Debug|Any CPU = Debug|Any CPU
		Release|Any CPU = Release|Any CPU
	EndGlobalSection
	GlobalSection(ProjectConfigurationPlatforms) = postSolution
		{C4980AE3-7A66-4098-8E9C-B7B73ED04042}.Debug|Any CPU.ActiveCfg = Debug|Any CPU
		{C4980AE3-7A66-4098-8E9C-B7B73ED04042}.Debug|Any CPU.Build.0 = Debug|Any CPU
		{C4980AE3-7A66-4098-8E9C-B7B73ED04042}.Release|Any CPU.ActiveCfg = Release|Any CPU
		{C4980AE3-7A66-4098-8E9C-B7B73ED04042}.Release|Any CPU.Build.0 = Release|Any CPU
	EndGlobalSection
	GlobalSection(SolutionProperties) = preSolution
		HideSolutionNode = FALSE
	EndGlobalSection
	GlobalSection(ExtensibilityGlobals) = postSolution
		SolutionGuid = {02F431D5-3D33-4CAE-8C48-E36EB4F427A2}
	EndGlobalSection
EndGlobal
